
Microsoft Visual Studio Solution File, Format Version 12.00
# Visual Studio Version 16
VisualStudioVersion = 16.0.31005.135
MinimumVisualStudioVersion = 10.0.40219.1
Project("{9A19103F-16F7-4668-BE54-9A1E7A4F7556}") = "ShopBridgeTests", "ShopBridgeTests.csproj", "{56733687-93DE-4872-89F8-87171AA3A7B8}"
EndProject
Global
	GlobalSection(SolutionConfigurationPlatforms) = preSolution
		Debug|Any CPU = Debug|Any CPU
		Release|Any CPU = Release|Any CPU
	EndGlobalSection
	GlobalSection(ProjectConfigurationPlatforms) = postSolution
		{56733687-93DE-4872-89F8-87171AA3A7B8}.Debug|Any CPU.ActiveCfg = Debug|Any CPU
		{56733687-93DE-4872-89F8-87171AA3A7B8}.Debug|Any CPU.Build.0 = Debug|Any CPU
		{56733687-93DE-4872-89F8-87171AA3A7B8}.Release|Any CPU.ActiveCfg = Release|Any CPU
		{56733687-93DE-4872-89F8-87171AA3A7B8}.Release|Any CPU.Build.0 = Release|Any CPU
	EndGlobalSection
	GlobalSection(SolutionProperties) = preSolution
		HideSolutionNode = FALSE
	EndGlobalSection
	GlobalSection(ExtensibilityGlobals) = postSolution
		SolutionGuid = {01AB59A4-D02D-408E-9C05-DEDF8D70DF26}
	EndGlobalSection
EndGlobal
